// !$*UTF8*$!
{
	archiveVersion = 1;
	classes = {
	};
	objectVersion = 50;
	objects = {

/* Begin PBXBuildFile section */
		5174F3F4229CF61300D45601 /* AppDelegate.swift in Sources */ = {isa = PBXBuildFile; fileRef = 5174F3F3229CF61300D45601 /* AppDelegate.swift */; };
		5174F3F6229CF61300D45601 /* ViewController.swift in Sources */ = {isa = PBXBuildFile; fileRef = 5174F3F5229CF61300D45601 /* ViewController.swift */; };
		5174F3F9229CF61300D45601 /* Main.storyboard in Resources */ = {isa = PBXBuildFile; fileRef = 5174F3F7229CF61300D45601 /* Main.storyboard */; };
		5174F3FB229CF61400D45601 /* Assets.xcassets in Resources */ = {isa = PBXBuildFile; fileRef = 5174F3FA229CF61400D45601 /* Assets.xcassets */; };
		5174F3FE229CF61400D45601 /* LaunchScreen.storyboard in Resources */ = {isa = PBXBuildFile; fileRef = 5174F3FC229CF61400D45601 /* LaunchScreen.storyboard */; };
		5174F409229CF61400D45601 /* SnapAppTests.swift in Sources */ = {isa = PBXBuildFile; fileRef = 5174F408229CF61400D45601 /* SnapAppTests.swift */; };
/* End PBXBuildFile section */

/* Begin PBXContainerItemProxy section */
		5174F405229CF61400D45601 /* PBXContainerItemProxy */ = {
			isa = PBXContainerItemProxy;
			containerPortal = 5174F3E8229CF61300D45601 /* Project object */;
			proxyType = 1;
			remoteGlobalIDString = 5174F3EF229CF61300D45601;
			remoteInfo = SnapApp;
		};
/* End PBXContainerItemProxy section */

/* Begin PBXFileReference section */
		5174F3F0229CF61300D45601 /* SnapApp.app */ = {isa = PBXFileReference; explicitFileType = wrapper.application; includeInIndex = 0; path = SnapApp.app; sourceTree = BUILT_PRODUCTS_DIR; };
		5174F3F3229CF61300D45601 /* AppDelegate.swift */ = {isa = PBXFileReference; lastKnownFileType = sourcecode.swift; path = AppDelegate.swift; sourceTree = "<group>"; };
		5174F3F5229CF61300D45601 /* ViewController.swift */ = {isa = PBXFileReference; lastKnownFileType = sourcecode.swift; path = ViewController.swift; sourceTree = "<group>"; };
		5174F3F8229CF61300D45601 /* Base */ = {isa = PBXFileReference; lastKnownFileType = file.storyboard; name = Base; path = Base.lproj/Main.storyboard; sourceTree = "<group>"; };
		5174F3FA229CF61400D45601 /* Assets.xcassets */ = {isa = PBXFileReference; lastKnownFileType = folder.assetcatalog; path = Assets.xcassets; sourceTree = "<group>"; };
		5174F3FD229CF61400D45601 /* Base */ = {isa = PBXFileReference; lastKnownFileType = file.storyboard; name = Base; path = Base.lproj/LaunchScreen.storyboard; sourceTree = "<group>"; };
		5174F3FF229CF61400D45601 /* Info.plist */ = {isa = PBXFileReference; lastKnownFileType = text.plist.xml; path = Info.plist; sourceTree = "<group>"; };
		5174F404229CF61400D45601 /* SnapAppTests.xctest */ = {isa = PBXFileReference; explicitFileType = wrapper.cfbundle; includeInIndex = 0; path = SnapAppTests.xctest; sourceTree = BUILT_PRODUCTS_DIR; };
		5174F408229CF61400D45601 /* SnapAppTests.swift */ = {isa = PBXFileReference; lastKnownFileType = sourcecode.swift; path = SnapAppTests.swift; sourceTree = "<group>"; };
		5174F40A229CF61400D45601 /* Info.plist */ = {isa = PBXFileReference; lastKnownFileType = text.plist.xml; path = Info.plist; sourceTree = "<group>"; };
/* End PBXFileReference section */

/* Begin PBXFrameworksBuildPhase section */
		5174F3ED229CF61300D45601 /* Frameworks */ = {
			isa = PBXFrameworksBuildPhase;
			buildActionMask = 2147483647;
			files = (
			);
			runOnlyForDeploymentPostprocessing = 0;
		};
		5174F401229CF61400D45601 /* Frameworks */ = {
			isa = PBXFrameworksBuildPhase;
			buildActionMask = 2147483647;
			files = (
			);
			runOnlyForDeploymentPostprocessing = 0;
		};
/* End PBXFrameworksBuildPhase section */

/* Begin PBXGroup section */
		5174F3E7229CF61300D45601 = {
			isa = PBXGroup;
			children = (
				5174F3F2229CF61300D45601 /* SnapApp */,
				5174F407229CF61400D45601 /* SnapAppTests */,
				5174F3F1229CF61300D45601 /* Products */,
			);
			sourceTree = "<group>";
		};
		5174F3F1229CF61300D45601 /* Products */ = {
			isa = PBXGroup;
			children = (
				5174F3F0229CF61300D45601 /* SnapApp.app */,
				5174F404229CF61400D45601 /* SnapAppTests.xctest */,
			);
			name = Products;
			sourceTree = "<group>";
		};
		5174F3F2229CF61300D45601 /* SnapApp */ = {
			isa = PBXGroup;
			children = (
				5174F3F3229CF61300D45601 /* AppDelegate.swift */,
				5174F3F5229CF61300D45601 /* ViewController.swift */,
				5174F3F7229CF61300D45601 /* Main.storyboard */,
				5174F3FA229CF61400D45601 /* Assets.xcassets */,
				5174F3FC229CF61400D45601 /* LaunchScreen.storyboard */,
				5174F3FF229CF61400D45601 /* Info.plist */,
			);
			path = SnapApp;
			sourceTree = "<group>";
		};
		5174F407229CF61400D45601 /* SnapAppTests */ = {
			isa = PBXGroup;
			children = (
				5174F408229CF61400D45601 /* SnapAppTests.swift */,
				5174F40A229CF61400D45601 /* Info.plist */,
			);
			path = SnapAppTests;
			sourceTree = "<group>";
		};
/* End PBXGroup section */

/* Begin PBXNativeTarget section */
		5174F3EF229CF61300D45601 /* SnapApp */ = {
			isa = PBXNativeTarget;
			buildConfigurationList = 5174F40D229CF61400D45601 /* Build configuration list for PBXNativeTarget "SnapApp" */;
			buildPhases = (
				5174F3EC229CF61300D45601 /* Sources */,
				5174F3ED229CF61300D45601 /* Frameworks */,
				5174F3EE229CF61300D45601 /* Resources */,
			);
			buildRules = (
			);
			dependencies = (
			);
			name = SnapApp;
			productName = SnapApp;
			productReference = 5174F3F0229CF61300D45601 /* SnapApp.app */;
			productType = "com.apple.product-type.application";
		};
		5174F403229CF61400D45601 /* SnapAppTests */ = {
			isa = PBXNativeTarget;
			buildConfigurationList = 5174F410229CF61400D45601 /* Build configuration list for PBXNativeTarget "SnapAppTests" */;
			buildPhases = (
				5174F400229CF61400D45601 /* Sources */,
				5174F401229CF61400D45601 /* Frameworks */,
				5174F402229CF61400D45601 /* Resources */,
			);
			buildRules = (
			);
			dependencies = (
				5174F406229CF61400D45601 /* PBXTargetDependency */,
			);
			name = SnapAppTests;
			productName = SnapAppTests;
			productReference = 5174F404229CF61400D45601 /* SnapAppTests.xctest */;
			productType = "com.apple.product-type.bundle.unit-test";
		};
/* End PBXNativeTarget section */

/* Begin PBXProject section */
		5174F3E8229CF61300D45601 /* Project object */ = {
			isa = PBXProject;
			attributes = {
				LastSwiftUpdateCheck = 1010;
				LastUpgradeCheck = 1010;
				ORGANIZATIONNAME = NYP;
				TargetAttributes = {
					5174F3EF229CF61300D45601 = {
						CreatedOnToolsVersion = 10.1;
					};
					5174F403229CF61400D45601 = {
						CreatedOnToolsVersion = 10.1;
						TestTargetID = 5174F3EF229CF61300D45601;
					};
				};
			};
			buildConfigurationList = 5174F3EB229CF61300D45601 /* Build configuration list for PBXProject "SnapApp" */;
			compatibilityVersion = "Xcode 9.3";
			developmentRegion = en;
			hasScannedForEncodings = 0;
			knownRegions = (
				en,
				Base,
			);
			mainGroup = 5174F3E7229CF61300D45601;
			productRefGroup = 5174F3F1229CF61300D45601 /* Products */;
			projectDirPath = "";
			projectRoot = "";
			targets = (
				5174F3EF229CF61300D45601 /* SnapApp */,
				5174F403229CF61400D45601 /* SnapAppTests */,
			);
		};
/* End PBXProject section */

/* Begin PBXResourcesBuildPhase section */
		5174F3EE229CF61300D45601 /* Resources */ = {
			isa = PBXResourcesBuildPhase;
			buildActionMask = 2147483647;
			files = (
				5174F3FE229CF61400D45601 /* LaunchScreen.storyboard in Resources */,
				5174F3FB229CF61400D45601 /* Assets.xcassets in Resources */,
				5174F3F9229CF61300D45601 /* Main.storyboard in Resources */,
			);
			runOnlyForDeploymentPostprocessing = 0;
		};
		5174F402229CF61400D45601 /* Resources */ = {
			isa = PBXResourcesBuildPhase;
			buildActionMask = 2147483647;
			files = (
			);
			runOnlyForDeploymentPostprocessing = 0;
		};
/* End PBXResourcesBuildPhase section */

/* Begin PBXSourcesBuildPhase section */
		5174F3EC229CF61300D45601 /* Sources */ = {
			isa = PBXSourcesBuildPhase;
			buildActionMask = 2147483647;
			files = (
				5174F3F6229CF61300D45601 /* ViewController.swift in Sources */,
				5174F3F4229CF61300D45601 /* AppDelegate.swift in Sources */,
			);
			runOnlyForDeploymentPostprocessing = 0;
		};
		5174F400229CF61400D45601 /* Sources */ = {
			isa = PBXSourcesBuildPhase;
			buildActionMask = 2147483647;
			files = (
				5174F409229CF61400D45601 /* SnapAppTests.swift in Sources */,
			);
			runOnlyForDeploymentPostprocessing = 0;
		};
/* End PBXSourcesBuildPhase section */

/* Begin PBXTargetDependency section */
		5174F406229CF61400D45601 /* PBXTargetDependency */ = {
			isa = PBXTargetDependency;
			target = 5174F3EF229CF61300D45601 /* SnapApp */;
			targetProxy = 5174F405229CF61400D45601 /* PBXContainerItemProxy */;
		};
/* End PBXTargetDependency section */

/* Begin PBXVariantGroup section */
		5174F3F7229CF61300D45601 /* Main.storyboard */ = {
			isa = PBXVariantGroup;
			children = (
				5174F3F8229CF61300D45601 /* Base */,
			);
			name = Main.storyboard;
			sourceTree = "<group>";
		};
		5174F3FC229CF61400D45601 /* LaunchScreen.storyboard */ = {
			isa = PBXVariantGroup;
			children = (
				5174F3FD229CF61400D45601 /* Base */,
			);
			name = LaunchScreen.storyboard;
			sourceTree = "<group>";
		};
/* End PBXVariantGroup section */

/* Begin XCBuildConfiguration section */
		5174F40B229CF61400D45601 /* Debug */ = {
			isa = XCBuildConfiguration;
			buildSettings = {
				ALWAYS_SEARCH_USER_PATHS = NO;
				CLANG_ANALYZER_NONNULL = YES;
				CLANG_ANALYZER_NUMBER_OBJECT_CONVERSION = YES_AGGRESSIVE;
				CLANG_CXX_LANGUAGE_STANDARD = "gnu++14";
				CLANG_CXX_LIBRARY = "libc++";
				CLANG_ENABLE_MODULES = YES;
				CLANG_ENABLE_OBJC_ARC = YES;
				CLANG_ENABLE_OBJC_WEAK = YES;
				CLANG_WARN_BLOCK_CAPTURE_AUTORELEASING = YES;
				CLANG_WARN_BOOL_CONVERSION = YES;
				CLANG_WARN_COMMA = YES;
				CLANG_WARN_CONSTANT_CONVERSION = YES;
				CLANG_WARN_DEPRECATED_OBJC_IMPLEMENTATIONS = YES;
				CLANG_WARN_DIRECT_OBJC_ISA_USAGE = YES_ERROR;
				CLANG_WARN_DOCUMENTATION_COMMENTS = YES;
				CLANG_WARN_EMPTY_BODY = YES;
				CLANG_WARN_ENUM_CONVERSION = YES;
				CLANG_WARN_INFINITE_RECURSION = YES;
				CLANG_WARN_INT_CONVERSION = YES;
				CLANG_WARN_NON_LITERAL_NULL_CONVERSION = YES;
				CLANG_WARN_OBJC_IMPLICIT_RETAIN_SELF = YES;
				CLANG_WARN_OBJC_LITERAL_CONVERSION = YES;
				CLANG_WARN_OBJC_ROOT_CLASS = YES_ERROR;
				CLANG_WARN_RANGE_LOOP_ANALYSIS = YES;
				CLANG_WARN_STRICT_PROTOTYPES = YES;
				CLANG_WARN_SUSPICIOUS_MOVE = YES;
				CLANG_WARN_UNGUARDED_AVAILABILITY = YES_AGGRESSIVE;
				CLANG_WARN_UNREACHABLE_CODE = YES;
				CLANG_WARN__DUPLICATE_METHOD_MATCH = YES;
				CODE_SIGN_IDENTITY = "iPhone Developer";
				COPY_PHASE_STRIP = NO;
				DEBUG_INFORMATION_FORMAT = dwarf;
				ENABLE_STRICT_OBJC_MSGSEND = YES;
				ENABLE_TESTABILITY = YES;
				GCC_C_LANGUAGE_STANDARD = gnu11;
				GCC_DYNAMIC_NO_PIC = NO;
				GCC_NO_COMMON_BLOCKS = YES;
				GCC_OPTIMIZATION_LEVEL = 0;
				GCC_PREPROCESSOR_DEFINITIONS = (
					"DEBUG=1",
					"$(inherited)",
				);
				GCC_WARN_64_TO_32_BIT_CONVERSION = YES;
				GCC_WARN_ABOUT_RETURN_TYPE = YES_ERROR;
				GCC_WARN_UNDECLARED_SELECTOR = YES;
				GCC_WARN_UNINITIALIZED_AUTOS = YES_AGGRESSIVE;
				GCC_WARN_UNUSED_FUNCTION = YES;
				GCC_WARN_UNUSED_VARIABLE = YES;
				IPHONEOS_DEPLOYMENT_TARGET = 12.1;
				MTL_ENABLE_DEBUG_INFO = INCLUDE_SOURCE;
				MTL_FAST_MATH = YES;
				ONLY_ACTIVE_ARCH = YES;
				SDKROOT = iphoneos;
				SWIFT_ACTIVE_COMPILATION_CONDITIONS = DEBUG;
				SWIFT_OPTIMIZATION_LEVEL = "-Onone";
			};
			name = Debug;
		};
		5174F40C229CF61400D45601 /* Release */ = {
			isa = XCBuildConfiguration;
			buildSettings = {
				ALWAYS_SEARCH_USER_PATHS = NO;
				CLANG_ANALYZER_NONNULL = YES;
				CLANG_ANALYZER_NUMBER_OBJECT_CONVERSION = YES_AGGRESSIVE;
				CLANG_CXX_LANGUAGE_STANDARD = "gnu++14";
				CLANG_CXX_LIBRARY = "libc++";
				CLANG_ENABLE_MODULES = YES;
				CLANG_ENABLE_OBJC_ARC = YES;
				CLANG_ENABLE_OBJC_WEAK = YES;
				CLANG_WARN_BLOCK_CAPTURE_AUTORELEASING = YES;
				CLANG_WARN_BOOL_CONVERSION = YES;
				CLANG_WARN_COMMA = YES;
				CLANG_WARN_CONSTANT_CONVERSION = YES;
				CLANG_WARN_DEPRECATED_OBJC_IMPLEMENTATIONS = YES;
				CLANG_WARN_DIRECT_OBJC_ISA_USAGE = YES_ERROR;
				CLANG_WARN_DOCUMENTATION_COMMENTS = YES;
				CLANG_WARN_EMPTY_BODY = YES;
				CLANG_WARN_ENUM_CONVERSION = YES;
				CLANG_WARN_INFINITE_RECURSION = YES;
				CLANG_WARN_INT_CONVERSION = YES;
				CLANG_WARN_NON_LITERAL_NULL_CONVERSION = YES;
				CLANG_WARN_OBJC_IMPLICIT_RETAIN_SELF = YES;
				CLANG_WARN_OBJC_LITERAL_CONVERSION = YES;
				CLANG_WARN_OBJC_ROOT_CLASS = YES_ERROR;
				CLANG_WARN_RANGE_LOOP_ANALYSIS = YES;
				CLANG_WARN_STRICT_PROTOTYPES = YES;
				CLANG_WARN_SUSPICIOUS_MOVE = YES;
				CLANG_WARN_UNGUARDED_AVAILABILITY = YES_AGGRESSIVE;
				CLANG_WARN_UNREACHABLE_CODE = YES;
				CLANG_WARN__DUPLICATE_METHOD_MATCH = YES;
				CODE_SIGN_IDENTITY = "iPhone Developer";
				COPY_PHASE_STRIP = NO;
				DEBUG_INFORMATION_FORMAT = "dwarf-with-dsym";
				ENABLE_NS_ASSERTIONS = NO;
				ENABLE_STRICT_OBJC_MSGSEND = YES;
				GCC_C_LANGUAGE_STANDARD = gnu11;
				GCC_NO_COMMON_BLOCKS = YES;
				GCC_WARN_64_TO_32_BIT_CONVERSION = YES;
				GCC_WARN_ABOUT_RETURN_TYPE = YES_ERROR;
				GCC_WARN_UNDECLARED_SELECTOR = YES;
				GCC_WARN_UNINITIALIZED_AUTOS = YES_AGGRESSIVE;
				GCC_WARN_UNUSED_FUNCTION = YES;
				GCC_WARN_UNUSED_VARIABLE = YES;
				IPHONEOS_DEPLOYMENT_TARGET = 12.1;
				MTL_ENABLE_DEBUG_INFO = NO;
				MTL_FAST_MATH = YES;
				SDKROOT = iphoneos;
				SWIFT_COMPILATION_MODE = wholemodule;
				SWIFT_OPTIMIZATION_LEVEL = "-O";
				VALIDATE_PRODUCT = YES;
			};
			name = Release;
		};
		5174F40E229CF61400D45601 /* Debug */ = {
			isa = XCBuildConfiguration;
			buildSettings = {
				ASSETCATALOG_COMPILER_APPICON_NAME = AppIcon;
				CODE_SIGN_STYLE = Automatic;
				INFOPLIST_FILE = SnapApp/Info.plist;
				LD_RUNPATH_SEARCH_PATHS = (
					"$(inherited)",
					"@executable_path/Frameworks",
				);
				PRODUCT_BUNDLE_IDENTIFIER = Test.SnapApp;
				PRODUCT_NAME = "$(TARGET_NAME)";
				SWIFT_VERSION = 4.2;
				TARGETED_DEVICE_FAMILY = "1,2";
			};
			name = Debug;
		};
		5174F40F229CF61400D45601 /* Release */ = {
			isa = XCBuildConfiguration;
			buildSettings = {
				ASSETCATALOG_COMPILER_APPICON_NAME = AppIcon;
				CODE_SIGN_STYLE = Automatic;
				INFOPLIST_FILE = SnapApp/Info.plist;
				LD_RUNPATH_SEARCH_PATHS = (
					"$(inherited)",
					"@executable_path/Frameworks",
				);
				PRODUCT_BUNDLE_IDENTIFIER = Test.SnapApp;
				PRODUCT_NAME = "$(TARGET_NAME)";
				SWIFT_VERSION = 4.2;
				TARGETED_DEVICE_FAMILY = "1,2";
			};
			name = Release;
		};
		5174F411229CF61400D45601 /* Debug */ = {
			isa = XCBuildConfiguration;
			buildSettings = {
				ALWAYS_EMBED_SWIFT_STANDARD_LIBRARIES = YES;
				BUNDLE_LOADER = "$(TEST_HOST)";
				CODE_SIGN_STYLE = Automatic;
				INFOPLIST_FILE = SnapAppTests/Info.plist;
				LD_RUNPATH_SEARCH_PATHS = (
					"$(inherited)",
					"@executable_path/Frameworks",
					"@loader_path/Frameworks",
				);
				PRODUCT_BUNDLE_IDENTIFIER = Test.SnapAppTests;
				PRODUCT_NAME = "$(TARGET_NAME)";
				SWIFT_VERSION = 4.2;
				TARGETED_DEVICE_FAMILY = "1,2";
				TEST_HOST = "$(BUILT_PRODUCTS_DIR)/SnapApp.app/SnapApp";
			};
			name = Debug;
		};
		5174F412229CF61400D45601 /* Release */ = {
			isa = XCBuildConfiguration;
			buildSettings = {
				ALWAYS_EMBED_SWIFT_STANDARD_LIBRARIES = YES;
				BUNDLE_LOADER = "$(TEST_HOST)";
				CODE_SIGN_STYLE = Automatic;
				INFOPLIST_FILE = SnapAppTests/Info.plist;
				LD_RUNPATH_SEARCH_PATHS = (
					"$(inherited)",
					"@executable_path/Frameworks",
					"@loader_path/Frameworks",
				);
				PRODUCT_BUNDLE_IDENTIFIER = Test.SnapAppTests;
				PRODUCT_NAME = "$(TARGET_NAME)";
				SWIFT_VERSION = 4.2;
				TARGETED_DEVICE_FAMILY = "1,2";
				TEST_HOST = "$(BUILT_PRODUCTS_DIR)/SnapApp.app/SnapApp";
			};
			name = Release;
		};
/* End XCBuildConfiguration section */

/* Begin XCConfigurationList section */
		5174F3EB229CF61300D45601 /* Build configuration list for PBXProject "SnapApp" */ = {
			isa = XCConfigurationList;
			buildConfigurations = (
				5174F40B229CF61400D45601 /* Debug */,
				5174F40C229CF61400D45601 /* Release */,
			);
			defaultConfigurationIsVisible = 0;
			defaultConfigurationName = Release;
		};
		5174F40D229CF61400D45601 /* Build configuration list for PBXNativeTarget "SnapApp" */ = {
			isa = XCConfigurationList;
			buildConfigurations = (
				5174F40E229CF61400D45601 /* Debug */,
				5174F40F229CF61400D45601 /* Release */,
			);
			defaultConfigurationIsVisible = 0;
			defaultConfigurationName = Release;
		};
		5174F410229CF61400D45601 /* Build configuration list for PBXNativeTarget "SnapAppTests" */ = {
			isa = XCConfigurationList;
			buildConfigurations = (
				5174F411229CF61400D45601 /* Debug */,
				5174F412229CF61400D45601 /* Release */,
			);
			defaultConfigurationIsVisible = 0;
			defaultConfigurationName = Release;
		};
/* End XCConfigurationList section */
	};
	rootObject = 5174F3E8229CF61300D45601 /* Project object */;
}
